PODS:
  - Flutter (1.0.0)
  - OpenAliPaySDK (15.5.5)
  - tobias (0.0.1):
    - Flutter
    - OpenAliPaySDK (~> 15.5)

DEPENDENCIES:
  - Flutter (from `.symlinks/flutter/ios`)
  - tobias (from `.symlinks/plugins/tobias/ios`)

SPEC REPOS:
  https://github.com/cocoapods/specs.git:
    - OpenAliPaySDK

EXTERNAL SOURCES:
  Flutter:
    :path: ".symlinks/flutter/ios"
  tobias:
    :path: ".symlinks/plugins/tobias/ios"

SPEC CHECKSUMS:
  Flutter: 9d0fac939486c9aba2809b7982dfdbb47a7b0296
  OpenAliPaySDK: 14d122169be42e1d88bffedc273892132a3a9dbe
  tobias: 1d76eb8755e93201d5130845d7f5267af23a26b7

PODFILE CHECKSUM: 1e5af4103afd21ca5ead147d7b81d06f494f51a2

COCOAPODS: 1.5.3
