PODS:
  - Flutter (1.0.0)
  - tobias (0.0.1):
    - Flutter

DEPENDENCIES:
  - Flutter (from `Flutter`)
  - tobias (from `.symlinks/plugins/tobias/ios`)

EXTERNAL SOURCES:
  Flutter:
    :path: Flutter
  tobias:
    :path: ".symlinks/plugins/tobias/ios"

SPEC CHECKSUMS:
  Flutter: 50d75fe2f02b26cc09d224853bb45737f8b3214a
  tobias: 8cb6e846d0a0261d6ec836614983be59936be022

PODFILE CHECKSUM: 8e679eca47255a8ca8067c4c67aab20e64cb974d

COCOAPODS: 1.11.2
